
Microsoft Visual Studio Solution File, Format Version 12.00
# Visual Studio Version 17
VisualStudioVersion = 17.5.33516.290
MinimumVisualStudioVersion = 10.0.40219.1
Project("{FAE04EC0-301F-11D3-BF4B-00C04F79EFBC}") = "Турагенство", "Турагенство\Турагенство.csproj", "{15A19EEC-1069-4F62-88BB-69060E61D6CA}"
EndProject
Global
	GlobalSection(SolutionConfigurationPlatforms) = preSolution
		Debug|Any CPU = Debug|Any CPU
		Release|Any CPU = Release|Any CPU
	EndGlobalSection
	GlobalSection(ProjectConfigurationPlatforms) = postSolution
		{15A19EEC-1069-4F62-88BB-69060E61D6CA}.Debug|Any CPU.ActiveCfg = Debug|Any CPU
		{15A19EEC-1069-4F62-88BB-69060E61D6CA}.Debug|Any CPU.Build.0 = Debug|Any CPU
		{15A19EEC-1069-4F62-88BB-69060E61D6CA}.Release|Any CPU.ActiveCfg = Release|Any CPU
		{15A19EEC-1069-4F62-88BB-69060E61D6CA}.Release|Any CPU.Build.0 = Release|Any CPU
	EndGlobalSection
	GlobalSection(SolutionProperties) = preSolution
		HideSolutionNode = FALSE
	EndGlobalSection
	GlobalSection(ExtensibilityGlobals) = postSolution
		SolutionGuid = {73AFEAA0-B257-440B-84E7-4395946AAC83}
	EndGlobalSection
EndGlobal
